
Microsoft Visual Studio Solution File, Format Version 12.00
# Visual Studio 15
VisualStudioVersion = 15.0.27004.2002
MinimumVisualStudioVersion = 10.0.40219.1
Project("{2150E333-8FDC-42A3-9474-1A3956D46DE8}") = "5 - Infra", "5 - Infra", "{44622060-18B6-4C53-BCF8-4FFB3AD08962}"
EndProject
Project("{2150E333-8FDC-42A3-9474-1A3956D46DE8}") = "5.1 - CrossCutting", "5.1 - CrossCutting", "{A364CE42-B0C9-44A4-BF24-8CEED7281F7B}"
EndProject
Project("{2150E333-8FDC-42A3-9474-1A3956D46DE8}") = "5.2 - Dados", "5.2 - Dados", "{163D06F7-2267-4BF5-A2FA-EB8F295BD5F1}"
EndProject
Project("{9A19103F-16F7-4668-BE54-9A1E7A4F7556}") = "ModeloDDD.Infra.Dados", "ModeloDDD.Infra.Dados\ModeloDDD.Infra.Dados.csproj", "{5F94EA59-73FD-4730-B570-07A97A499BD8}"
EndProject
Project("{2150E333-8FDC-42A3-9474-1A3956D46DE8}") = "4 - Dominio", "4 - Dominio", "{353B0F8C-8AFC-4AEF-A53E-CC25602B50C8}"
EndProject
Project("{9A19103F-16F7-4668-BE54-9A1E7A4F7556}") = "ModeloDDD.Dominio", "ModeloDDD.Dominio\ModeloDDD.Dominio.csproj", "{B79FBCA4-61CE-42C9-BA60-8CB51FB00193}"
EndProject
Project("{2150E333-8FDC-42A3-9474-1A3956D46DE8}") = "3 - Aplicacao", "3 - Aplicacao", "{E956900E-8DEC-4BA8-90BF-8F35B37CDEDE}"
EndProject
Project("{2150E333-8FDC-42A3-9474-1A3956D46DE8}") = "2 - Servicos", "2 - Servicos", "{E12E5242-FDB2-4970-909A-CE2C3930F115}"
EndProject
Project("{2150E333-8FDC-42A3-9474-1A3956D46DE8}") = "1 - Testes", "1 - Testes", "{18335144-1B57-4B0D-903B-9B149A26EA8B}"
EndProject
Project("{9A19103F-16F7-4668-BE54-9A1E7A4F7556}") = "ModeloDDD.Aplicacao", "ModeloDDD.Aplicacao\ModeloDDD.Aplicacao.csproj", "{A330736E-763D-4B0E-9725-3969B919B1D0}"
EndProject
Project("{9A19103F-16F7-4668-BE54-9A1E7A4F7556}") = "ModeloDDD.Servicos.API", "ModeloDDD.Servicos.API\ModeloDDD.Servicos.API.csproj", "{BB15F070-9C79-491C-97F1-E59B140CE8F8}"
EndProject
Project("{9A19103F-16F7-4668-BE54-9A1E7A4F7556}") = "ModeloDDD.Test", "ModeloDDD.Test\ModeloDDD.Test.csproj", "{690E97C1-C0DC-4B82-877E-2FE5594B0B88}"
EndProject
Project("{2150E333-8FDC-42A3-9474-1A3956D46DE8}") = "6 - DTO", "6 - DTO", "{BA90CA46-7CB6-406D-A91E-C89863F4801C}"
EndProject
Project("{9A19103F-16F7-4668-BE54-9A1E7A4F7556}") = "ModeloDDD.DTO", "ModeloDDD.DTO\ModeloDDD.DTO.csproj", "{7AA2D403-0516-4585-89B0-D5791EDBB346}"
EndProject
Project("{00D1A9C2-B5F0-4AF3-8072-F6C62B433612}") = "ModeloDDD.Infra.SQL", "ModeloDDD.Infra.SQL\ModeloDDD.Infra.SQL.sqlproj", "{48F264FC-AE9E-4F8E-883A-C665E4492679}"
EndProject
Global
	GlobalSection(SolutionConfigurationPlatforms) = preSolution
		Debug|Any CPU = Debug|Any CPU
		Release|Any CPU = Release|Any CPU
	EndGlobalSection
	GlobalSection(ProjectConfigurationPlatforms) = postSolution
		{5F94EA59-73FD-4730-B570-07A97A499BD8}.Debug|Any CPU.ActiveCfg = Debug|Any CPU
		{5F94EA59-73FD-4730-B570-07A97A499BD8}.Debug|Any CPU.Build.0 = Debug|Any CPU
		{5F94EA59-73FD-4730-B570-07A97A499BD8}.Release|Any CPU.ActiveCfg = Release|Any CPU
		{5F94EA59-73FD-4730-B570-07A97A499BD8}.Release|Any CPU.Build.0 = Release|Any CPU
		{B79FBCA4-61CE-42C9-BA60-8CB51FB00193}.Debug|Any CPU.ActiveCfg = Debug|Any CPU
		{B79FBCA4-61CE-42C9-BA60-8CB51FB00193}.Debug|Any CPU.Build.0 = Debug|Any CPU
		{B79FBCA4-61CE-42C9-BA60-8CB51FB00193}.Release|Any CPU.ActiveCfg = Release|Any CPU
		{B79FBCA4-61CE-42C9-BA60-8CB51FB00193}.Release|Any CPU.Build.0 = Release|Any CPU
		{A330736E-763D-4B0E-9725-3969B919B1D0}.Debug|Any CPU.ActiveCfg = Debug|Any CPU
		{A330736E-763D-4B0E-9725-3969B919B1D0}.Debug|Any CPU.Build.0 = Debug|Any CPU
		{A330736E-763D-4B0E-9725-3969B919B1D0}.Release|Any CPU.ActiveCfg = Release|Any CPU
		{A330736E-763D-4B0E-9725-3969B919B1D0}.Release|Any CPU.Build.0 = Release|Any CPU
		{BB15F070-9C79-491C-97F1-E59B140CE8F8}.Debug|Any CPU.ActiveCfg = Debug|Any CPU
		{BB15F070-9C79-491C-97F1-E59B140CE8F8}.Debug|Any CPU.Build.0 = Debug|Any CPU
		{BB15F070-9C79-491C-97F1-E59B140CE8F8}.Release|Any CPU.ActiveCfg = Release|Any CPU
		{BB15F070-9C79-491C-97F1-E59B140CE8F8}.Release|Any CPU.Build.0 = Release|Any CPU
		{690E97C1-C0DC-4B82-877E-2FE5594B0B88}.Debug|Any CPU.ActiveCfg = Debug|Any CPU
		{690E97C1-C0DC-4B82-877E-2FE5594B0B88}.Debug|Any CPU.Build.0 = Debug|Any CPU
		{690E97C1-C0DC-4B82-877E-2FE5594B0B88}.Release|Any CPU.ActiveCfg = Release|Any CPU
		{690E97C1-C0DC-4B82-877E-2FE5594B0B88}.Release|Any CPU.Build.0 = Release|Any CPU
		{7AA2D403-0516-4585-89B0-D5791EDBB346}.Debug|Any CPU.ActiveCfg = Debug|Any CPU
		{7AA2D403-0516-4585-89B0-D5791EDBB346}.Debug|Any CPU.Build.0 = Debug|Any CPU
		{7AA2D403-0516-4585-89B0-D5791EDBB346}.Release|Any CPU.ActiveCfg = Release|Any CPU
		{7AA2D403-0516-4585-89B0-D5791EDBB346}.Release|Any CPU.Build.0 = Release|Any CPU
		{48F264FC-AE9E-4F8E-883A-C665E4492679}.Debug|Any CPU.ActiveCfg = Debug|Any CPU
		{48F264FC-AE9E-4F8E-883A-C665E4492679}.Debug|Any CPU.Build.0 = Debug|Any CPU
		{48F264FC-AE9E-4F8E-883A-C665E4492679}.Debug|Any CPU.Deploy.0 = Debug|Any CPU
		{48F264FC-AE9E-4F8E-883A-C665E4492679}.Release|Any CPU.ActiveCfg = Release|Any CPU
		{48F264FC-AE9E-4F8E-883A-C665E4492679}.Release|Any CPU.Build.0 = Release|Any CPU
		{48F264FC-AE9E-4F8E-883A-C665E4492679}.Release|Any CPU.Deploy.0 = Release|Any CPU
	EndGlobalSection
	GlobalSection(SolutionProperties) = preSolution
		HideSolutionNode = FALSE
	EndGlobalSection
	GlobalSection(NestedProjects) = preSolution
		{A364CE42-B0C9-44A4-BF24-8CEED7281F7B} = {44622060-18B6-4C53-BCF8-4FFB3AD08962}
		{163D06F7-2267-4BF5-A2FA-EB8F295BD5F1} = {44622060-18B6-4C53-BCF8-4FFB3AD08962}
		{5F94EA59-73FD-4730-B570-07A97A499BD8} = {163D06F7-2267-4BF5-A2FA-EB8F295BD5F1}
		{B79FBCA4-61CE-42C9-BA60-8CB51FB00193} = {353B0F8C-8AFC-4AEF-A53E-CC25602B50C8}
		{A330736E-763D-4B0E-9725-3969B919B1D0} = {E956900E-8DEC-4BA8-90BF-8F35B37CDEDE}
		{BB15F070-9C79-491C-97F1-E59B140CE8F8} = {E12E5242-FDB2-4970-909A-CE2C3930F115}
		{690E97C1-C0DC-4B82-877E-2FE5594B0B88} = {18335144-1B57-4B0D-903B-9B149A26EA8B}
		{7AA2D403-0516-4585-89B0-D5791EDBB346} = {BA90CA46-7CB6-406D-A91E-C89863F4801C}
		{48F264FC-AE9E-4F8E-883A-C665E4492679} = {163D06F7-2267-4BF5-A2FA-EB8F295BD5F1}
	EndGlobalSection
	GlobalSection(ExtensibilityGlobals) = postSolution
		SolutionGuid = {2B1C55B2-00B7-4B53-A90A-6342230B6E94}
	EndGlobalSection
EndGlobal
