
Microsoft Visual Studio Solution File, Format Version 12.00
# Visual Studio 15
VisualStudioVersion = 15.0.27004.2002
MinimumVisualStudioVersion = 10.0.40219.1
Project("{2150E333-8FDC-42A3-9474-1A3956D46DE8}") = "0 - API", "0 - API", "{9FE594D9-F6FA-43DA-90E0-8437C9C0F84E}"
EndProject
Project("{2150E333-8FDC-42A3-9474-1A3956D46DE8}") = "1 - Application", "1 - Application", "{CFA6D1E7-D0AD-4CBF-8A75-A424323FD9FA}"
EndProject
Project("{2150E333-8FDC-42A3-9474-1A3956D46DE8}") = "2 - DTO", "2 - DTO", "{509D182A-56BB-4E30-8C50-DC63834AA1E7}"
EndProject
Project("{2150E333-8FDC-42A3-9474-1A3956D46DE8}") = "3 - Services", "3 - Services", "{DBA72838-BAC0-4CED-884D-F03CACFA5874}"
EndProject
Project("{2150E333-8FDC-42A3-9474-1A3956D46DE8}") = "4 - Domain", "4 - Domain", "{C265C2B7-3F27-4189-88D0-330A7A0F7219}"
EndProject
Project("{2150E333-8FDC-42A3-9474-1A3956D46DE8}") = "5 - Infrastructure", "5 - Infrastructure", "{987BF7BC-D617-40CE-9185-481475AA81EC}"
EndProject
Project("{2150E333-8FDC-42A3-9474-1A3956D46DE8}") = "6 - CrossCutting", "6 - CrossCutting", "{73243E2F-813E-4B19-BD51-7B2582F78368}"
EndProject
Project("{2150E333-8FDC-42A3-9474-1A3956D46DE8}") = "5.1 - DataSqlServer", "5.1 - DataSqlServer", "{B046A8D1-C50C-458C-AD8D-1C9595FCAD12}"
EndProject
Project("{2150E333-8FDC-42A3-9474-1A3956D46DE8}") = "5.2 - Integration", "5.2 - Integration", "{82A7C50F-107E-4B4F-903C-1F9B54E1D453}"
EndProject
Project("{9A19103F-16F7-4668-BE54-9A1E7A4F7556}") = "WebApi", "WebApi\WebApi.csproj", "{5BD08C5C-64C7-4FEE-983F-794F867E5AD5}"
EndProject
Project("{9A19103F-16F7-4668-BE54-9A1E7A4F7556}") = "Application", "Application\Application.csproj", "{966571D2-BB92-4AA8-9E24-1ADB10123B6A}"
EndProject
Project("{9A19103F-16F7-4668-BE54-9A1E7A4F7556}") = "DTO", "DTO\DTO.csproj", "{34DDD127-18D5-4D1E-A886-0B0AB2D2CFD7}"
EndProject
Project("{9A19103F-16F7-4668-BE54-9A1E7A4F7556}") = "Services", "Services\Services.csproj", "{06A03073-948D-4090-8ACE-67977BA66DD6}"
EndProject
Project("{9A19103F-16F7-4668-BE54-9A1E7A4F7556}") = "Domain", "Domain\Domain.csproj", "{478AFF1A-1E57-44DA-94F2-628F45976E59}"
EndProject
Project("{9A19103F-16F7-4668-BE54-9A1E7A4F7556}") = "Data.SqlServer", "Data.SqlServer\Data.SqlServer.csproj", "{C8F58E0A-8C83-4458-ABBA-62605EE9D3F7}"
EndProject
Project("{9A19103F-16F7-4668-BE54-9A1E7A4F7556}") = "Integration.Wcf", "Integration.Wcf\Integration.Wcf.csproj", "{7D891F32-DA33-4E7B-B094-3D7912525F86}"
EndProject
Project("{9A19103F-16F7-4668-BE54-9A1E7A4F7556}") = "CrossCutting", "CrossCutting.Api\CrossCutting.csproj", "{53CE37A9-CBDA-4942-9342-BD36E684816C}"
EndProject
Global
	GlobalSection(SolutionConfigurationPlatforms) = preSolution
		Debug|Any CPU = Debug|Any CPU
		Release|Any CPU = Release|Any CPU
	EndGlobalSection
	GlobalSection(ProjectConfigurationPlatforms) = postSolution
		{5BD08C5C-64C7-4FEE-983F-794F867E5AD5}.Debug|Any CPU.ActiveCfg = Debug|Any CPU
		{5BD08C5C-64C7-4FEE-983F-794F867E5AD5}.Debug|Any CPU.Build.0 = Debug|Any CPU
		{5BD08C5C-64C7-4FEE-983F-794F867E5AD5}.Release|Any CPU.ActiveCfg = Release|Any CPU
		{5BD08C5C-64C7-4FEE-983F-794F867E5AD5}.Release|Any CPU.Build.0 = Release|Any CPU
		{966571D2-BB92-4AA8-9E24-1ADB10123B6A}.Debug|Any CPU.ActiveCfg = Debug|Any CPU
		{966571D2-BB92-4AA8-9E24-1ADB10123B6A}.Debug|Any CPU.Build.0 = Debug|Any CPU
		{966571D2-BB92-4AA8-9E24-1ADB10123B6A}.Release|Any CPU.ActiveCfg = Release|Any CPU
		{966571D2-BB92-4AA8-9E24-1ADB10123B6A}.Release|Any CPU.Build.0 = Release|Any CPU
		{34DDD127-18D5-4D1E-A886-0B0AB2D2CFD7}.Debug|Any CPU.ActiveCfg = Debug|Any CPU
		{34DDD127-18D5-4D1E-A886-0B0AB2D2CFD7}.Debug|Any CPU.Build.0 = Debug|Any CPU
		{34DDD127-18D5-4D1E-A886-0B0AB2D2CFD7}.Release|Any CPU.ActiveCfg = Release|Any CPU
		{34DDD127-18D5-4D1E-A886-0B0AB2D2CFD7}.Release|Any CPU.Build.0 = Release|Any CPU
		{06A03073-948D-4090-8ACE-67977BA66DD6}.Debug|Any CPU.ActiveCfg = Debug|Any CPU
		{06A03073-948D-4090-8ACE-67977BA66DD6}.Debug|Any CPU.Build.0 = Debug|Any CPU
		{06A03073-948D-4090-8ACE-67977BA66DD6}.Release|Any CPU.ActiveCfg = Release|Any CPU
		{06A03073-948D-4090-8ACE-67977BA66DD6}.Release|Any CPU.Build.0 = Release|Any CPU
		{478AFF1A-1E57-44DA-94F2-628F45976E59}.Debug|Any CPU.ActiveCfg = Debug|Any CPU
		{478AFF1A-1E57-44DA-94F2-628F45976E59}.Debug|Any CPU.Build.0 = Debug|Any CPU
		{478AFF1A-1E57-44DA-94F2-628F45976E59}.Release|Any CPU.ActiveCfg = Release|Any CPU
		{478AFF1A-1E57-44DA-94F2-628F45976E59}.Release|Any CPU.Build.0 = Release|Any CPU
		{C8F58E0A-8C83-4458-ABBA-62605EE9D3F7}.Debug|Any CPU.ActiveCfg = Debug|Any CPU
		{C8F58E0A-8C83-4458-ABBA-62605EE9D3F7}.Debug|Any CPU.Build.0 = Debug|Any CPU
		{C8F58E0A-8C83-4458-ABBA-62605EE9D3F7}.Release|Any CPU.ActiveCfg = Release|Any CPU
		{C8F58E0A-8C83-4458-ABBA-62605EE9D3F7}.Release|Any CPU.Build.0 = Release|Any CPU
		{7D891F32-DA33-4E7B-B094-3D7912525F86}.Debug|Any CPU.ActiveCfg = Debug|Any CPU
		{7D891F32-DA33-4E7B-B094-3D7912525F86}.Debug|Any CPU.Build.0 = Debug|Any CPU
		{7D891F32-DA33-4E7B-B094-3D7912525F86}.Release|Any CPU.ActiveCfg = Release|Any CPU
		{7D891F32-DA33-4E7B-B094-3D7912525F86}.Release|Any CPU.Build.0 = Release|Any CPU
		{53CE37A9-CBDA-4942-9342-BD36E684816C}.Debug|Any CPU.ActiveCfg = Debug|Any CPU
		{53CE37A9-CBDA-4942-9342-BD36E684816C}.Debug|Any CPU.Build.0 = Debug|Any CPU
		{53CE37A9-CBDA-4942-9342-BD36E684816C}.Release|Any CPU.ActiveCfg = Release|Any CPU
		{53CE37A9-CBDA-4942-9342-BD36E684816C}.Release|Any CPU.Build.0 = Release|Any CPU
	EndGlobalSection
	GlobalSection(SolutionProperties) = preSolution
		HideSolutionNode = FALSE
	EndGlobalSection
	GlobalSection(NestedProjects) = preSolution
		{B046A8D1-C50C-458C-AD8D-1C9595FCAD12} = {987BF7BC-D617-40CE-9185-481475AA81EC}
		{82A7C50F-107E-4B4F-903C-1F9B54E1D453} = {987BF7BC-D617-40CE-9185-481475AA81EC}
		{5BD08C5C-64C7-4FEE-983F-794F867E5AD5} = {9FE594D9-F6FA-43DA-90E0-8437C9C0F84E}
		{966571D2-BB92-4AA8-9E24-1ADB10123B6A} = {CFA6D1E7-D0AD-4CBF-8A75-A424323FD9FA}
		{34DDD127-18D5-4D1E-A886-0B0AB2D2CFD7} = {509D182A-56BB-4E30-8C50-DC63834AA1E7}
		{06A03073-948D-4090-8ACE-67977BA66DD6} = {DBA72838-BAC0-4CED-884D-F03CACFA5874}
		{478AFF1A-1E57-44DA-94F2-628F45976E59} = {C265C2B7-3F27-4189-88D0-330A7A0F7219}
		{C8F58E0A-8C83-4458-ABBA-62605EE9D3F7} = {B046A8D1-C50C-458C-AD8D-1C9595FCAD12}
		{7D891F32-DA33-4E7B-B094-3D7912525F86} = {82A7C50F-107E-4B4F-903C-1F9B54E1D453}
		{53CE37A9-CBDA-4942-9342-BD36E684816C} = {73243E2F-813E-4B19-BD51-7B2582F78368}
	EndGlobalSection
	GlobalSection(ExtensibilityGlobals) = postSolution
		SolutionGuid = {2B1C55B2-00B7-4B53-A90A-6342230B6E94}
	EndGlobalSection
EndGlobal
